// !$*UTF8*$!
{
	archiveVersion = 1;
	classes = {
	};
	objectVersion = 46;
	objects = {

/* Begin PBXBuildFile section */
		BE0514651A1A3A30005C2652 /* Person.m in Sources */ = {isa = PBXBuildFile; fileRef = BE0514641A1A3A30005C2652 /* Person.m */; };
		BE0514661A1A3D51005C2652 /* main.m in Sources */ = {isa = PBXBuildFile; fileRef = BE05145C1A1A3A12005C2652 /* main.m */; };
/* End PBXBuildFile section */

/* Begin PBXCopyFilesBuildPhase section */
		BE0514571A1A3A12005C2652 /* CopyFiles */ = {
			isa = PBXCopyFilesBuildPhase;
			buildActionMask = 2147483647;
			dstPath = /usr/share/man/man1/;
			dstSubfolderSpec = 0;
			files = (
			);
			runOnlyForDeploymentPostprocessing = 1;
		};
/* End PBXCopyFilesBuildPhase section */

/* Begin PBXFileReference section */
		BE0514591A1A3A12005C2652 /* NSSortDescriptor */ = {isa = PBXFileReference; explicitFileType = "compiled.mach-o.executable"; includeInIndex = 0; path = NSSortDescriptor; sourceTree = BUILT_PRODUCTS_DIR; };
		BE05145C1A1A3A12005C2652 /* main.m */ = {isa = PBXFileReference; lastKnownFileType = sourcecode.c.objc; path = main.m; sourceTree = "<group>"; };
		BE0514631A1A3A30005C2652 /* Person.h */ = {isa = PBXFileReference; fileEncoding = 4; lastKnownFileType = sourcecode.c.h; path = Person.h; sourceTree = "<group>"; };
		BE0514641A1A3A30005C2652 /* Person.m */ = {isa = PBXFileReference; fileEncoding = 4; lastKnownFileType = sourcecode.c.objc; path = Person.m; sourceTree = "<group>"; };
/* End PBXFileReference section */

/* Begin PBXFrameworksBuildPhase section */
		BE0514561A1A3A12005C2652 /* Frameworks */ = {
			isa = PBXFrameworksBuildPhase;
			buildActionMask = 2147483647;
			files = (
			);
			runOnlyForDeploymentPostprocessing = 0;
		};
/* End PBXFrameworksBuildPhase section */

/* Begin PBXGroup section */
		BE0514501A1A3A12005C2652 = {
			isa = PBXGroup;
			children = (
				BE0514631A1A3A30005C2652 /* Person.h */,
				BE0514641A1A3A30005C2652 /* Person.m */,
				BE05145B1A1A3A12005C2652 /* NSSortDescriptor */,
				BE05145A1A1A3A12005C2652 /* Products */,
			);
			sourceTree = "<group>";
		};
		BE05145A1A1A3A12005C2652 /* Products */ = {
			isa = PBXGroup;
			children = (
				BE0514591A1A3A12005C2652 /* NSSortDescriptor */,
			);
			name = Products;
			sourceTree = "<group>";
		};
		BE05145B1A1A3A12005C2652 /* NSSortDescriptor */ = {
			isa = PBXGroup;
			children = (
				BE05145C1A1A3A12005C2652 /* main.m */,
			);
			path = NSSortDescriptor;
			sourceTree = "<group>";
		};
/* End PBXGroup section */

/* Begin PBXNativeTarget section */
		BE0514581A1A3A12005C2652 /* NSSortDescriptor */ = {
			isa = PBXNativeTarget;
			buildConfigurationList = BE0514601A1A3A12005C2652 /* Build configuration list for PBXNativeTarget "NSSortDescriptor" */;
			buildPhases = (
				BE0514551A1A3A12005C2652 /* Sources */,
				BE0514561A1A3A12005C2652 /* Frameworks */,
				BE0514571A1A3A12005C2652 /* CopyFiles */,
			);
			buildRules = (
			);
			dependencies = (
			);
			name = NSSortDescriptor;
			productName = NSSortDescriptor;
			productReference = BE0514591A1A3A12005C2652 /* NSSortDescriptor */;
			productType = "com.apple.product-type.tool";
		};
/* End PBXNativeTarget section */

/* Begin PBXProject section */
		BE0514511A1A3A12005C2652 /* Project object */ = {
			isa = PBXProject;
			attributes = {
				LastUpgradeCheck = 0610;
				ORGANIZATIONNAME = "Rene Fürst";
				TargetAttributes = {
					BE0514581A1A3A12005C2652 = {
						CreatedOnToolsVersion = 6.1;
					};
				};
			};
			buildConfigurationList = BE0514541A1A3A12005C2652 /* Build configuration list for PBXProject "NSSortDescriptor" */;
			compatibilityVersion = "Xcode 3.2";
			developmentRegion = English;
			hasScannedForEncodings = 0;
			knownRegions = (
				en,
			);
			mainGroup = BE0514501A1A3A12005C2652;
			productRefGroup = BE05145A1A1A3A12005C2652 /* Products */;
			projectDirPath = "";
			projectRoot = "";
			targets = (
				BE0514581A1A3A12005C2652 /* NSSortDescriptor */,
			);
		};
/* End PBXProject section */

/* Begin PBXSourcesBuildPhase section */
		BE0514551A1A3A12005C2652 /* Sources */ = {
			isa = PBXSourcesBuildPhase;
			buildActionMask = 2147483647;
			files = (
				BE0514661A1A3D51005C2652 /* main.m in Sources */,
				BE0514651A1A3A30005C2652 /* Person.m in Sources */,
			);
			runOnlyForDeploymentPostprocessing = 0;
		};
/* End PBXSourcesBuildPhase section */

/* Begin XCBuildConfiguration section */
		BE05145E1A1A3A12005C2652 /* Debug */ = {
			isa = XCBuildConfiguration;
			buildSettings = {
				ALWAYS_SEARCH_USER_PATHS = NO;
				CLANG_CXX_LANGUAGE_STANDARD = "gnu++0x";
				CLANG_CXX_LIBRARY = "libc++";
				CLANG_ENABLE_MODULES = YES;
				CLANG_ENABLE_OBJC_ARC = YES;
				CLANG_WARN_BOOL_CONVERSION = YES;
				CLANG_WARN_CONSTANT_CONVERSION = YES;
				CLANG_WARN_DIRECT_OBJC_ISA_USAGE = YES_ERROR;
				CLANG_WARN_EMPTY_BODY = YES;
				CLANG_WARN_ENUM_CONVERSION = YES;
				CLANG_WARN_INT_CONVERSION = YES;
				CLANG_WARN_OBJC_ROOT_CLASS = YES_ERROR;
				CLANG_WARN_UNREACHABLE_CODE = YES;
				CLANG_WARN__DUPLICATE_METHOD_MATCH = YES;
				COPY_PHASE_STRIP = NO;
				ENABLE_STRICT_OBJC_MSGSEND = YES;
				GCC_C_LANGUAGE_STANDARD = gnu99;
				GCC_DYNAMIC_NO_PIC = NO;
				GCC_OPTIMIZATION_LEVEL = 0;
				GCC_PREPROCESSOR_DEFINITIONS = (
					"DEBUG=1",
					"$(inherited)",
				);
				GCC_SYMBOLS_PRIVATE_EXTERN = NO;
				GCC_WARN_64_TO_32_BIT_CONVERSION = YES;
				GCC_WARN_ABOUT_RETURN_TYPE = YES_ERROR;
				GCC_WARN_UNDECLARED_SELECTOR = YES;
				GCC_WARN_UNINITIALIZED_AUTOS = YES_AGGRESSIVE;
				GCC_WARN_UNUSED_FUNCTION = YES;
				GCC_WARN_UNUSED_VARIABLE = YES;
				MACOSX_DEPLOYMENT_TARGET = 10.10;
				MTL_ENABLE_DEBUG_INFO = YES;
				ONLY_ACTIVE_ARCH = YES;
				SDKROOT = macosx;
			};
			name = Debug;
		};
		BE05145F1A1A3A12005C2652 /* Release */ = {
			isa = XCBuildConfiguration;
			buildSettings = {
				ALWAYS_SEARCH_USER_PATHS = NO;
				CLANG_CXX_LANGUAGE_STANDARD = "gnu++0x";
				CLANG_CXX_LIBRARY = "libc++";
				CLANG_ENABLE_MODULES = YES;
				CLANG_ENABLE_OBJC_ARC = YES;
				CLANG_WARN_BOOL_CONVERSION = YES;
				CLANG_WARN_CONSTANT_CONVERSION = YES;
				CLANG_WARN_DIRECT_OBJC_ISA_USAGE = YES_ERROR;
				CLANG_WARN_EMPTY_BODY = YES;
				CLANG_WARN_ENUM_CONVERSION = YES;
				CLANG_WARN_INT_CONVERSION = YES;
				CLANG_WARN_OBJC_ROOT_CLASS = YES_ERROR;
				CLANG_WARN_UNREACHABLE_CODE = YES;
				CLANG_WARN__DUPLICATE_METHOD_MATCH = YES;
				COPY_PHASE_STRIP = YES;
				DEBUG_INFORMATION_FORMAT = "dwarf-with-dsym";
				ENABLE_NS_ASSERTIONS = NO;
				ENABLE_STRICT_OBJC_MSGSEND = YES;
				GCC_C_LANGUAGE_STANDARD = gnu99;
				GCC_WARN_64_TO_32_BIT_CONVERSION = YES;
				GCC_WARN_ABOUT_RETURN_TYPE = YES_ERROR;
				GCC_WARN_UNDECLARED_SELECTOR = YES;
				GCC_WARN_UNINITIALIZED_AUTOS = YES_AGGRESSIVE;
				GCC_WARN_UNUSED_FUNCTION = YES;
				GCC_WARN_UNUSED_VARIABLE = YES;
				MACOSX_DEPLOYMENT_TARGET = 10.10;
				MTL_ENABLE_DEBUG_INFO = NO;
				SDKROOT = macosx;
			};
			name = Release;
		};
		BE0514611A1A3A12005C2652 /* Debug */ = {
			isa = XCBuildConfiguration;
			buildSettings = {
				PRODUCT_NAME = "$(TARGET_NAME)";
			};
			name = Debug;
		};
		BE0514621A1A3A12005C2652 /* Release */ = {
			isa = XCBuildConfiguration;
			buildSettings = {
				PRODUCT_NAME = "$(TARGET_NAME)";
			};
			name = Release;
		};
/* End XCBuildConfiguration section */

/* Begin XCConfigurationList section */
		BE0514541A1A3A12005C2652 /* Build configuration list for PBXProject "NSSortDescriptor" */ = {
			isa = XCConfigurationList;
			buildConfigurations = (
				BE05145E1A1A3A12005C2652 /* Debug */,
				BE05145F1A1A3A12005C2652 /* Release */,
			);
			defaultConfigurationIsVisible = 0;
			defaultConfigurationName = Release;
		};
		BE0514601A1A3A12005C2652 /* Build configuration list for PBXNativeTarget "NSSortDescriptor" */ = {
			isa = XCConfigurationList;
			buildConfigurations = (
				BE0514611A1A3A12005C2652 /* Debug */,
				BE0514621A1A3A12005C2652 /* Release */,
			);
			defaultConfigurationIsVisible = 0;
		};
/* End XCConfigurationList section */
	};
	rootObject = BE0514511A1A3A12005C2652 /* Project object */;
}
