// !$*UTF8*$!
{
	archiveVersion = 1;
	classes = {
	};
	objectVersion = 46;
	objects = {

/* Begin PBXBuildFile section */
		BEEF221C1A1CE80D00DD9890 /* main.m in Sources */ = {isa = PBXBuildFile; fileRef = BEEF221B1A1CE80D00DD9890 /* main.m */; };
/* End PBXBuildFile section */

/* Begin PBXCopyFilesBuildPhase section */
		BEEF22161A1CE80D00DD9890 /* CopyFiles */ = {
			isa = PBXCopyFilesBuildPhase;
			buildActionMask = 2147483647;
			dstPath = /usr/share/man/man1/;
			dstSubfolderSpec = 0;
			files = (
			);
			runOnlyForDeploymentPostprocessing = 1;
		};
/* End PBXCopyFilesBuildPhase section */

/* Begin PBXFileReference section */
		BEEF22181A1CE80D00DD9890 /* nsset */ = {isa = PBXFileReference; explicitFileType = "compiled.mach-o.executable"; includeInIndex = 0; path = nsset; sourceTree = BUILT_PRODUCTS_DIR; };
		BEEF221B1A1CE80D00DD9890 /* main.m */ = {isa = PBXFileReference; lastKnownFileType = sourcecode.c.objc; path = main.m; sourceTree = "<group>"; };
/* End PBXFileReference section */

/* Begin PBXFrameworksBuildPhase section */
		BEEF22151A1CE80D00DD9890 /* Frameworks */ = {
			isa = PBXFrameworksBuildPhase;
			buildActionMask = 2147483647;
			files = (
			);
			runOnlyForDeploymentPostprocessing = 0;
		};
/* End PBXFrameworksBuildPhase section */

/* Begin PBXGroup section */
		BEEF220F1A1CE80D00DD9890 = {
			isa = PBXGroup;
			children = (
				BEEF221A1A1CE80D00DD9890 /* nsset */,
				BEEF22191A1CE80D00DD9890 /* Products */,
			);
			sourceTree = "<group>";
		};
		BEEF22191A1CE80D00DD9890 /* Products */ = {
			isa = PBXGroup;
			children = (
				BEEF22181A1CE80D00DD9890 /* nsset */,
			);
			name = Products;
			sourceTree = "<group>";
		};
		BEEF221A1A1CE80D00DD9890 /* nsset */ = {
			isa = PBXGroup;
			children = (
				BEEF221B1A1CE80D00DD9890 /* main.m */,
			);
			path = nsset;
			sourceTree = "<group>";
		};
/* End PBXGroup section */

/* Begin PBXNativeTarget section */
		BEEF22171A1CE80D00DD9890 /* nsset */ = {
			isa = PBXNativeTarget;
			buildConfigurationList = BEEF221F1A1CE80D00DD9890 /* Build configuration list for PBXNativeTarget "nsset" */;
			buildPhases = (
				BEEF22141A1CE80D00DD9890 /* Sources */,
				BEEF22151A1CE80D00DD9890 /* Frameworks */,
				BEEF22161A1CE80D00DD9890 /* CopyFiles */,
			);
			buildRules = (
			);
			dependencies = (
			);
			name = nsset;
			productName = nsset;
			productReference = BEEF22181A1CE80D00DD9890 /* nsset */;
			productType = "com.apple.product-type.tool";
		};
/* End PBXNativeTarget section */

/* Begin PBXProject section */
		BEEF22101A1CE80D00DD9890 /* Project object */ = {
			isa = PBXProject;
			attributes = {
				LastUpgradeCheck = 0610;
				ORGANIZATIONNAME = "Rene Fürst";
				TargetAttributes = {
					BEEF22171A1CE80D00DD9890 = {
						CreatedOnToolsVersion = 6.1;
					};
				};
			};
			buildConfigurationList = BEEF22131A1CE80D00DD9890 /* Build configuration list for PBXProject "nsset" */;
			compatibilityVersion = "Xcode 3.2";
			developmentRegion = English;
			hasScannedForEncodings = 0;
			knownRegions = (
				en,
			);
			mainGroup = BEEF220F1A1CE80D00DD9890;
			productRefGroup = BEEF22191A1CE80D00DD9890 /* Products */;
			projectDirPath = "";
			projectRoot = "";
			targets = (
				BEEF22171A1CE80D00DD9890 /* nsset */,
			);
		};
/* End PBXProject section */

/* Begin PBXSourcesBuildPhase section */
		BEEF22141A1CE80D00DD9890 /* Sources */ = {
			isa = PBXSourcesBuildPhase;
			buildActionMask = 2147483647;
			files = (
				BEEF221C1A1CE80D00DD9890 /* main.m in Sources */,
			);
			runOnlyForDeploymentPostprocessing = 0;
		};
/* End PBXSourcesBuildPhase section */

/* Begin XCBuildConfiguration section */
		BEEF221D1A1CE80D00DD9890 /* Debug */ = {
			isa = XCBuildConfiguration;
			buildSettings = {
				ALWAYS_SEARCH_USER_PATHS = NO;
				CLANG_CXX_LANGUAGE_STANDARD = "gnu++0x";
				CLANG_CXX_LIBRARY = "libc++";
				CLANG_ENABLE_MODULES = YES;
				CLANG_ENABLE_OBJC_ARC = YES;
				CLANG_WARN_BOOL_CONVERSION = YES;
				CLANG_WARN_CONSTANT_CONVERSION = YES;
				CLANG_WARN_DIRECT_OBJC_ISA_USAGE = YES_ERROR;
				CLANG_WARN_EMPTY_BODY = YES;
				CLANG_WARN_ENUM_CONVERSION = YES;
				CLANG_WARN_INT_CONVERSION = YES;
				CLANG_WARN_OBJC_ROOT_CLASS = YES_ERROR;
				CLANG_WARN_UNREACHABLE_CODE = YES;
				CLANG_WARN__DUPLICATE_METHOD_MATCH = YES;
				COPY_PHASE_STRIP = NO;
				ENABLE_STRICT_OBJC_MSGSEND = YES;
				GCC_C_LANGUAGE_STANDARD = gnu99;
				GCC_DYNAMIC_NO_PIC = NO;
				GCC_OPTIMIZATION_LEVEL = 0;
				GCC_PREPROCESSOR_DEFINITIONS = (
					"DEBUG=1",
					"$(inherited)",
				);
				GCC_SYMBOLS_PRIVATE_EXTERN = NO;
				GCC_WARN_64_TO_32_BIT_CONVERSION = YES;
				GCC_WARN_ABOUT_RETURN_TYPE = YES_ERROR;
				GCC_WARN_UNDECLARED_SELECTOR = YES;
				GCC_WARN_UNINITIALIZED_AUTOS = YES_AGGRESSIVE;
				GCC_WARN_UNUSED_FUNCTION = YES;
				GCC_WARN_UNUSED_VARIABLE = YES;
				MACOSX_DEPLOYMENT_TARGET = 10.10;
				MTL_ENABLE_DEBUG_INFO = YES;
				ONLY_ACTIVE_ARCH = YES;
				SDKROOT = macosx;
			};
			name = Debug;
		};
		BEEF221E1A1CE80D00DD9890 /* Release */ = {
			isa = XCBuildConfiguration;
			buildSettings = {
				ALWAYS_SEARCH_USER_PATHS = NO;
				CLANG_CXX_LANGUAGE_STANDARD = "gnu++0x";
				CLANG_CXX_LIBRARY = "libc++";
				CLANG_ENABLE_MODULES = YES;
				CLANG_ENABLE_OBJC_ARC = YES;
				CLANG_WARN_BOOL_CONVERSION = YES;
				CLANG_WARN_CONSTANT_CONVERSION = YES;
				CLANG_WARN_DIRECT_OBJC_ISA_USAGE = YES_ERROR;
				CLANG_WARN_EMPTY_BODY = YES;
				CLANG_WARN_ENUM_CONVERSION = YES;
				CLANG_WARN_INT_CONVERSION = YES;
				CLANG_WARN_OBJC_ROOT_CLASS = YES_ERROR;
				CLANG_WARN_UNREACHABLE_CODE = YES;
				CLANG_WARN__DUPLICATE_METHOD_MATCH = YES;
				COPY_PHASE_STRIP = YES;
				DEBUG_INFORMATION_FORMAT = "dwarf-with-dsym";
				ENABLE_NS_ASSERTIONS = NO;
				ENABLE_STRICT_OBJC_MSGSEND = YES;
				GCC_C_LANGUAGE_STANDARD = gnu99;
				GCC_WARN_64_TO_32_BIT_CONVERSION = YES;
				GCC_WARN_ABOUT_RETURN_TYPE = YES_ERROR;
				GCC_WARN_UNDECLARED_SELECTOR = YES;
				GCC_WARN_UNINITIALIZED_AUTOS = YES_AGGRESSIVE;
				GCC_WARN_UNUSED_FUNCTION = YES;
				GCC_WARN_UNUSED_VARIABLE = YES;
				MACOSX_DEPLOYMENT_TARGET = 10.10;
				MTL_ENABLE_DEBUG_INFO = NO;
				SDKROOT = macosx;
			};
			name = Release;
		};
		BEEF22201A1CE80D00DD9890 /* Debug */ = {
			isa = XCBuildConfiguration;
			buildSettings = {
				PRODUCT_NAME = "$(TARGET_NAME)";
			};
			name = Debug;
		};
		BEEF22211A1CE80D00DD9890 /* Release */ = {
			isa = XCBuildConfiguration;
			buildSettings = {
				PRODUCT_NAME = "$(TARGET_NAME)";
			};
			name = Release;
		};
/* End XCBuildConfiguration section */

/* Begin XCConfigurationList section */
		BEEF22131A1CE80D00DD9890 /* Build configuration list for PBXProject "nsset" */ = {
			isa = XCConfigurationList;
			buildConfigurations = (
				BEEF221D1A1CE80D00DD9890 /* Debug */,
				BEEF221E1A1CE80D00DD9890 /* Release */,
			);
			defaultConfigurationIsVisible = 0;
			defaultConfigurationName = Release;
		};
		BEEF221F1A1CE80D00DD9890 /* Build configuration list for PBXNativeTarget "nsset" */ = {
			isa = XCConfigurationList;
			buildConfigurations = (
				BEEF22201A1CE80D00DD9890 /* Debug */,
				BEEF22211A1CE80D00DD9890 /* Release */,
			);
			defaultConfigurationIsVisible = 0;
		};
/* End XCConfigurationList section */
	};
	rootObject = BEEF22101A1CE80D00DD9890 /* Project object */;
}
